{
  "name": "dashjoin",
  "version": "1.0.0",
  "lockfileVersion": 2,
  "requires": true,
  "packages": {
    "": {
      "name": "dashjoin",
      "version": "1.0.0",
      "license": "MIT",
      "dependencies": {
        "@dashincubator/secp256k1": "^1.7.1-5",
        "dashhd": "^3.3.3",
        "dashkeys": "^1.1.4",
        "dashphrase": "^1.4.0",
        "dashrpc": "^19.0.1",
        "dashtx": "^0.18.1",
        "dotenv": "^16.4.5"
      }
    },
    "node_modules/@dashincubator/secp256k1": {
      "version": "1.7.1-5",
      "resolved": "https://registry.npmjs.org/@dashincubator/secp256k1/-/secp256k1-1.7.1-5.tgz",
      "integrity": "sha512-3iA+RDZrJsRFPpWhlYkp3EdoFAlKjdqkNFiRwajMrzcpA/G/IBX0AnC1pwRLkTrM+tUowcyGrkJfT03U4ETZeg=="
    },
    "node_modules/dashhd": {
      "version": "3.3.3",
      "resolved": "https://registry.npmjs.org/dashhd/-/dashhd-3.3.3.tgz",
      "integrity": "sha512-sbhLV8EtmebnlIdx/d1hcbnxdfka/0rcLx+UO5y44kZdu5tyJ5ftBFbhhIb38vd+T+Xfcwpeo0z+0ZDznRkfaw=="
    },
    "node_modules/dashkeys": {
      "version": "1.1.4",
      "resolved": "https://registry.npmjs.org/dashkeys/-/dashkeys-1.1.4.tgz",
      "integrity": "sha512-y62hg+r8V56gqUfvnyNqCmQ0MvA/wGmRPWfuKFKDCZY02dvWkhCD0zBRVpBGPjfk+T2gWKbkcrHOCrb2RXZ9cw=="
    },
    "node_modules/dashphrase": {
      "version": "1.4.0",
      "resolved": "https://registry.npmjs.org/dashphrase/-/dashphrase-1.4.0.tgz",
      "integrity": "sha512-o+LdiPkiYmg07kXBE+2bbcJzBmeTQVPn1GS2XlQeo8lene+KknAprSyiYi5XtqV/QVgNjvzOV7qBst2MijSPAA=="
    },
    "node_modules/dashrpc": {
      "version": "19.0.1",
      "resolved": "https://registry.npmjs.org/dashrpc/-/dashrpc-19.0.1.tgz",
      "integrity": "sha512-1BLXnYZPHHRwvehIF6HqLLSfv2bTZlU97dq/8XJ2F0cBEk3ofi9/fbxYVmDwWtVjqtIJPfdXhSFx7fJu2hJNPA=="
    },
    "node_modules/dashtx": {
      "version": "0.18.1",
      "resolved": "https://registry.npmjs.org/dashtx/-/dashtx-0.18.1.tgz",
      "integrity": "sha512-5PA8E9tg5ykv6fm6E7fy345gz7pZSrZ+Ao1F8Sq+9CzSIKFPEVBoJm/1i+58An24VBvrrRJUSVq5v7KSGmwm9g==",
      "bin": {
        "dashtx-inspect": "bin/inspect.js"
      }
    },
    "node_modules/dotenv": {
      "version": "16.4.5",
      "resolved": "https://registry.npmjs.org/dotenv/-/dotenv-16.4.5.tgz",
      "integrity": "sha512-ZmdL2rui+eB2YwhsWzjInR8LldtZHGDoQ1ugH85ppHKwpUHL7j7rN0Ti9NCnGiQbhaZ11FpR+7ao1dNsmduNUg==",
      "engines": {
        "node": ">=12"
      },
      "funding": {
        "url": "https://dotenvx.com"
      }
    }
  },
  "dependencies": {
    "@dashincubator/secp256k1": {
      "version": "1.7.1-5",
      "resolved": "https://registry.npmjs.org/@dashincubator/secp256k1/-/secp256k1-1.7.1-5.tgz",
      "integrity": "sha512-3iA+RDZrJsRFPpWhlYkp3EdoFAlKjdqkNFiRwajMrzcpA/G/IBX0AnC1pwRLkTrM+tUowcyGrkJfT03U4ETZeg=="
    },
    "dashhd": {
      "version": "3.3.3",
      "resolved": "https://registry.npmjs.org/dashhd/-/dashhd-3.3.3.tgz",
      "integrity": "sha512-sbhLV8EtmebnlIdx/d1hcbnxdfka/0rcLx+UO5y44kZdu5tyJ5ftBFbhhIb38vd+T+Xfcwpeo0z+0ZDznRkfaw=="
    },
    "dashkeys": {
      "version": "1.1.4",
      "resolved": "https://registry.npmjs.org/dashkeys/-/dashkeys-1.1.4.tgz",
      "integrity": "sha512-y62hg+r8V56gqUfvnyNqCmQ0MvA/wGmRPWfuKFKDCZY02dvWkhCD0zBRVpBGPjfk+T2gWKbkcrHOCrb2RXZ9cw=="
    },
    "dashphrase": {
      "version": "1.4.0",
      "resolved": "https://registry.npmjs.org/dashphrase/-/dashphrase-1.4.0.tgz",
      "integrity": "sha512-o+LdiPkiYmg07kXBE+2bbcJzBmeTQVPn1GS2XlQeo8lene+KknAprSyiYi5XtqV/QVgNjvzOV7qBst2MijSPAA=="
    },
    "dashrpc": {
      "version": "19.0.1",
      "resolved": "https://registry.npmjs.org/dashrpc/-/dashrpc-19.0.1.tgz",
      "integrity": "sha512-1BLXnYZPHHRwvehIF6HqLLSfv2bTZlU97dq/8XJ2F0cBEk3ofi9/fbxYVmDwWtVjqtIJPfdXhSFx7fJu2hJNPA=="
    },
    "dashtx": {
      "version": "0.18.1",
      "resolved": "https://registry.npmjs.org/dashtx/-/dashtx-0.18.1.tgz",
      "integrity": "sha512-5PA8E9tg5ykv6fm6E7fy345gz7pZSrZ+Ao1F8Sq+9CzSIKFPEVBoJm/1i+58An24VBvrrRJUSVq5v7KSGmwm9g=="
    },
    "dotenv": {
      "version": "16.4.5",
      "resolved": "https://registry.npmjs.org/dotenv/-/dotenv-16.4.5.tgz",
      "integrity": "sha512-ZmdL2rui+eB2YwhsWzjInR8LldtZHGDoQ1ugH85ppHKwpUHL7j7rN0Ti9NCnGiQbhaZ11FpR+7ao1dNsmduNUg=="
    }
  }
}
